{
    "name": "@mbkit/modal",
    "version": "1.4.4",
    "lockfileVersion": 1,
    "requires": true,
    "dependencies": {
        "@babel/runtime": {
            "version": "7.16.0",
            "resolved": "https://registry.npmjs.org/@babel/runtime/-/runtime-7.16.0.tgz",
            "integrity": "sha512-Nht8L0O8YCktmsDV6FqFue7vQLRx3Hb0B37lS5y0jDRqRxlBG4wIJHnf9/bgSE2UyipKFA01YtS+npRdTWBUyw==",
            "requires": {
                "regenerator-runtime": "^0.13.4"
            }
        },
        "@mbkit/theme": {
            "version": "2.2.9",
            "resolved": "https://registry.npmjs.org/@mbkit/theme/-/theme-2.2.9.tgz",
            "integrity": "sha512-hX9/TDXStllE0OrMyCIIq+K4XoZiz6ZSjeTNbbkKwuMya6J4XkaNmRwOW2sDdFpTOAs7KwmrcGeNyYrWX6hspA=="
        },
        "@reach/dialog": {
            "version": "0.13.0",
            "resolved": "https://registry.npmjs.org/@reach/dialog/-/dialog-0.13.0.tgz",
            "integrity": "sha512-/vWv9g+jv32OGvBbN2UJJOyUfFnx/cvfTSxZiEpi6TJd9EEcfCeqtV+wbSnH9RkkLubtwHXnYZbgmE0NSMX6Ag==",
            "requires": {
                "@reach/portal": "0.13.0",
                "@reach/utils": "0.13.0",
                "prop-types": "^15.7.2",
                "react-focus-lock": "^2.5.0",
                "react-remove-scroll": "^2.4.1",
                "tslib": "^2.0.0"
            }
        },
        "@reach/portal": {
            "version": "0.13.0",
            "resolved": "https://registry.npmjs.org/@reach/portal/-/portal-0.13.0.tgz",
            "integrity": "sha512-mGbZtox66KR6FJWfvLEJIK2dfBiqkTpGJqQa4jHR+yHu/uSDWHi7DQ173z/BuZPc+9J9sryU53+wqfmhHvU5NA==",
            "requires": {
                "@reach/utils": "0.13.0",
                "tslib": "^2.0.0"
            }
        },
        "@reach/utils": {
            "version": "0.13.0",
            "resolved": "https://registry.npmjs.org/@reach/utils/-/utils-0.13.0.tgz",
            "integrity": "sha512-dypxuyA1Qy3LHxzzyS7jFGPgCCR04b8UEn+Tv/aj6y9V578dULQqkcCyobrdEa+OI8lxH7dFFHa+jH8M/noBrQ==",
            "requires": {
                "@types/warning": "^3.0.0",
                "tslib": "^2.0.0",
                "warning": "^4.0.3"
            }
        },
        "@types/classnames": {
            "version": "2.3.1",
            "resolved": "https://registry.npmjs.org/@types/classnames/-/classnames-2.3.1.tgz",
            "integrity": "sha512-zeOWb0JGBoVmlQoznvqXbE0tEC/HONsnoUNH19Hc96NFsTAwTXbTqb8FMYkru1F/iqp7a18Ws3nWJvtA1sHD1A==",
            "dev": true,
            "requires": {
                "classnames": "*"
            }
        },
        "@types/prop-types": {
            "version": "15.7.4",
            "resolved": "https://registry.npmjs.org/@types/prop-types/-/prop-types-15.7.4.tgz",
            "integrity": "sha512-rZ5drC/jWjrArrS8BR6SIr4cWpW09RNTYt9AMZo3Jwwif+iacXAqgVjm0B0Bv/S1jhDXKHqRVNCbACkJ89RAnQ==",
            "dev": true
        },
        "@types/react": {
            "version": "16.14.20",
            "resolved": "https://registry.npmjs.org/@types/react/-/react-16.14.20.tgz",
            "integrity": "sha512-SV7TaVc8e9E/5Xuv6TIyJ5VhQpZoVFJqX6IZgj5HZoFCtIDCArE3qXkcHlc6O/Ud4UwcMoX+tlvDA95YrKdLgA==",
            "dev": true,
            "requires": {
                "@types/prop-types": "*",
                "@types/scheduler": "*",
                "csstype": "^3.0.2"
            }
        },
        "@types/react-transition-group": {
            "version": "4.4.4",
            "resolved": "https://registry.npmjs.org/@types/react-transition-group/-/react-transition-group-4.4.4.tgz",
            "integrity": "sha512-7gAPz7anVK5xzbeQW9wFBDg7G++aPLAFY0QaSMOou9rJZpbuI58WAuJrgu+qR92l61grlnCUe7AFX8KGahAgug==",
            "dev": true,
            "requires": {
                "@types/react": "*"
            }
        },
        "@types/scheduler": {
            "version": "0.16.2",
            "resolved": "https://registry.npmjs.org/@types/scheduler/-/scheduler-0.16.2.tgz",
            "integrity": "sha512-hppQEBDmlwhFAXKJX2KnWLYu5yMfi91yazPb2l+lbJiwW+wdo1gNeRA+3RgNSO39WYX2euey41KEwnqesU2Jew==",
            "dev": true
        },
        "@types/warning": {
            "version": "3.0.0",
            "resolved": "https://registry.npmjs.org/@types/warning/-/warning-3.0.0.tgz",
            "integrity": "sha1-DSUBJorY+ZYrdA04fEZU9fjiPlI="
        },
        "classnames": {
            "version": "2.3.1",
            "resolved": "https://registry.npmjs.org/classnames/-/classnames-2.3.1.tgz",
            "integrity": "sha512-OlQdbZ7gLfGarSqxesMesDa5uz7KFbID8Kpq/SxIoNGDqY8lSYs0D+hhtBXhcdB3rcbXArFr7vlHheLk1voeNA=="
        },
        "csstype": {
            "version": "3.0.9",
            "resolved": "https://registry.npmjs.org/csstype/-/csstype-3.0.9.tgz",
            "integrity": "sha512-rpw6JPxK6Rfg1zLOYCSwle2GFOOsnjmDYDaBwEcwoOg4qlsIVCN789VkBZDJAGi4T07gI4YSutR43t9Zz4Lzuw=="
        },
        "detect-node-es": {
            "version": "1.1.0",
            "resolved": "https://registry.npmjs.org/detect-node-es/-/detect-node-es-1.1.0.tgz",
            "integrity": "sha512-ypdmJU/TbBby2Dxibuv7ZLW3Bs1QEmM7nHjEANfohJLvE0XVujisn1qPJcZxg+qDucsr+bP6fLD1rPS3AhJ7EQ=="
        },
        "dom-helpers": {
            "version": "5.2.1",
            "resolved": "https://registry.npmjs.org/dom-helpers/-/dom-helpers-5.2.1.tgz",
            "integrity": "sha512-nRCa7CK3VTrM2NmGkIy4cbK7IZlgBE/PYMn55rrXefr5xXDP0LdtfPnblFDoVdcAfslJ7or6iqAUnx0CCGIWQA==",
            "requires": {
                "@babel/runtime": "^7.8.7",
                "csstype": "^3.0.2"
            }
        },
        "focus-lock": {
            "version": "0.9.2",
            "resolved": "https://registry.npmjs.org/focus-lock/-/focus-lock-0.9.2.tgz",
            "integrity": "sha512-YtHxjX7a0IC0ZACL5wsX8QdncXofWpGPNoVMuI/nZUrPGp6LmNI6+D5j0pPj+v8Kw5EpweA+T5yImK0rnWf7oQ==",
            "requires": {
                "tslib": "^2.0.3"
            }
        },
        "get-nonce": {
            "version": "1.0.1",
            "resolved": "https://registry.npmjs.org/get-nonce/-/get-nonce-1.0.1.tgz",
            "integrity": "sha512-FJhYRoDaiatfEkUK8HKlicmu/3SGFD51q3itKDGoSTysQJBnfOcxU5GxnhE1E6soB76MbT0MBtnKJuXyAx+96Q=="
        },
        "invariant": {
            "version": "2.2.4",
            "resolved": "https://registry.npmjs.org/invariant/-/invariant-2.2.4.tgz",
            "integrity": "sha512-phJfQVBuaJM5raOpJjSfkiD6BpbCE4Ns//LaXl6wGYtUBY83nWS6Rf9tXm2e8VaK60JEjYldbPif/A2B1C2gNA==",
            "requires": {
                "loose-envify": "^1.0.0"
            }
        },
        "js-tokens": {
            "version": "4.0.0",
            "resolved": "https://registry.npmjs.org/js-tokens/-/js-tokens-4.0.0.tgz",
            "integrity": "sha512-RdJUflcE3cUzKiMqQgsCu06FPu9UdIJO0beYbPhHN4k6apgJtifcoCtT9bcxOpYBtpD2kCM6Sbzg4CausW/PKQ=="
        },
        "loose-envify": {
            "version": "1.4.0",
            "resolved": "https://registry.npmjs.org/loose-envify/-/loose-envify-1.4.0.tgz",
            "integrity": "sha512-lyuxPGr/Wfhrlem2CL/UcnUc1zcqKAImBDzukY7Y5F/yQiNdko6+fRLevlw1HgMySw7f611UIY408EtxRSoK3Q==",
            "requires": {
                "js-tokens": "^3.0.0 || ^4.0.0"
            }
        },
        "object-assign": {
            "version": "4.1.1",
            "resolved": "https://registry.npmjs.org/object-assign/-/object-assign-4.1.1.tgz",
            "integrity": "sha1-IQmtx5ZYh8/AXLvUQsrIv7s2CGM="
        },
        "prop-types": {
            "version": "15.7.2",
            "resolved": "https://registry.npmjs.org/prop-types/-/prop-types-15.7.2.tgz",
            "integrity": "sha512-8QQikdH7//R2vurIJSutZ1smHYTcLpRWEOlHnzcWHmBYrOGUysKwSsrC89BCiFj3CbrfJ/nXFdJepOVrY1GCHQ==",
            "requires": {
                "loose-envify": "^1.4.0",
                "object-assign": "^4.1.1",
                "react-is": "^16.8.1"
            }
        },
        "react": {
            "version": "16.14.0",
            "resolved": "https://registry.npmjs.org/react/-/react-16.14.0.tgz",
            "integrity": "sha512-0X2CImDkJGApiAlcf0ODKIneSwBPhqJawOa5wCtKbu7ZECrmS26NvtSILynQ66cgkT/RJ4LidJOc3bUESwmU8g==",
            "dev": true,
            "requires": {
                "loose-envify": "^1.1.0",
                "object-assign": "^4.1.1",
                "prop-types": "^15.6.2"
            }
        },
        "react-clientside-effect": {
            "version": "1.2.5",
            "resolved": "https://registry.npmjs.org/react-clientside-effect/-/react-clientside-effect-1.2.5.tgz",
            "integrity": "sha512-2bL8qFW1TGBHozGGbVeyvnggRpMjibeZM2536AKNENLECutp2yfs44IL8Hmpn8qjFQ2K7A9PnYf3vc7aQq/cPA==",
            "requires": {
                "@babel/runtime": "^7.12.13"
            }
        },
        "react-focus-lock": {
            "version": "2.5.2",
            "resolved": "https://registry.npmjs.org/react-focus-lock/-/react-focus-lock-2.5.2.tgz",
            "integrity": "sha512-WzpdOnEqjf+/A3EH9opMZWauag7gV0BxFl+EY4ElA4qFqYsUsBLnmo2sELbN5OC30S16GAWMy16B9DLPpdJKAQ==",
            "requires": {
                "@babel/runtime": "^7.0.0",
                "focus-lock": "^0.9.1",
                "prop-types": "^15.6.2",
                "react-clientside-effect": "^1.2.5",
                "use-callback-ref": "^1.2.5",
                "use-sidecar": "^1.0.5"
            }
        },
        "react-is": {
            "version": "16.13.1",
            "resolved": "https://registry.npmjs.org/react-is/-/react-is-16.13.1.tgz",
            "integrity": "sha512-24e6ynE2H+OKt4kqsOvNd8kBpV65zoxbA4BVsEOB3ARVWQki/DHzaUoC5KuON/BiccDaCCTZBuOcfZs70kR8bQ=="
        },
        "react-remove-scroll": {
            "version": "2.4.3",
            "resolved": "https://registry.npmjs.org/react-remove-scroll/-/react-remove-scroll-2.4.3.tgz",
            "integrity": "sha512-lGWYXfV6jykJwbFpsuPdexKKzp96f3RbvGapDSIdcyGvHb7/eqyn46C7/6h+rUzYar1j5mdU+XECITHXCKBk9Q==",
            "requires": {
                "react-remove-scroll-bar": "^2.1.0",
                "react-style-singleton": "^2.1.0",
                "tslib": "^1.0.0",
                "use-callback-ref": "^1.2.3",
                "use-sidecar": "^1.0.1"
            },
            "dependencies": {
                "tslib": {
                    "version": "1.14.1",
                    "resolved": "https://registry.npmjs.org/tslib/-/tslib-1.14.1.tgz",
                    "integrity": "sha512-Xni35NKzjgMrwevysHTCArtLDpPvye8zV/0E4EyYn43P7/7qvQwPh9BGkHewbMulVntbigmcT7rdX3BNo9wRJg=="
                }
            }
        },
        "react-remove-scroll-bar": {
            "version": "2.2.0",
            "resolved": "https://registry.npmjs.org/react-remove-scroll-bar/-/react-remove-scroll-bar-2.2.0.tgz",
            "integrity": "sha512-UU9ZBP1wdMR8qoUs7owiVcpaPwsQxUDC2lypP6mmixaGlARZa7ZIBx1jcuObLdhMOvCsnZcvetOho0wzPa9PYg==",
            "requires": {
                "react-style-singleton": "^2.1.0",
                "tslib": "^1.0.0"
            },
            "dependencies": {
                "tslib": {
                    "version": "1.14.1",
                    "resolved": "https://registry.npmjs.org/tslib/-/tslib-1.14.1.tgz",
                    "integrity": "sha512-Xni35NKzjgMrwevysHTCArtLDpPvye8zV/0E4EyYn43P7/7qvQwPh9BGkHewbMulVntbigmcT7rdX3BNo9wRJg=="
                }
            }
        },
        "react-style-singleton": {
            "version": "2.1.1",
            "resolved": "https://registry.npmjs.org/react-style-singleton/-/react-style-singleton-2.1.1.tgz",
            "integrity": "sha512-jNRp07Jza6CBqdRKNgGhT3u9umWvils1xsuMOjZlghBDH2MU0PL2WZor4PGYjXpnRCa9DQSlHMs/xnABWOwYbA==",
            "requires": {
                "get-nonce": "^1.0.0",
                "invariant": "^2.2.4",
                "tslib": "^1.0.0"
            },
            "dependencies": {
                "tslib": {
                    "version": "1.14.1",
                    "resolved": "https://registry.npmjs.org/tslib/-/tslib-1.14.1.tgz",
                    "integrity": "sha512-Xni35NKzjgMrwevysHTCArtLDpPvye8zV/0E4EyYn43P7/7qvQwPh9BGkHewbMulVntbigmcT7rdX3BNo9wRJg=="
                }
            }
        },
        "react-transition-group": {
            "version": "4.4.2",
            "resolved": "https://registry.npmjs.org/react-transition-group/-/react-transition-group-4.4.2.tgz",
            "integrity": "sha512-/RNYfRAMlZwDSr6z4zNKV6xu53/e2BuaBbGhbyYIXTrmgu/bGHzmqOs7mJSJBHy9Ud+ApHx3QjrkKSp1pxvlFg==",
            "requires": {
                "@babel/runtime": "^7.5.5",
                "dom-helpers": "^5.0.1",
                "loose-envify": "^1.4.0",
                "prop-types": "^15.6.2"
            }
        },
        "regenerator-runtime": {
            "version": "0.13.9",
            "resolved": "https://registry.npmjs.org/regenerator-runtime/-/regenerator-runtime-0.13.9.tgz",
            "integrity": "sha512-p3VT+cOEgxFsRRA9X4lkI1E+k2/CtnKtU4gcxyaCUreilL/vqI6CdZ3wxVUx3UOUg+gnUOQQcRI7BmSI656MYA=="
        },
        "tslib": {
            "version": "2.3.1",
            "resolved": "https://registry.npmjs.org/tslib/-/tslib-2.3.1.tgz",
            "integrity": "sha512-77EbyPPpMz+FRFRuAFlWMtmgUWGe9UOG2Z25NqCwiIjRhOf5iKGuzSe5P2w1laq+FkRy4p+PCuVkJSGkzTEKVw=="
        },
        "use-callback-ref": {
            "version": "1.2.5",
            "resolved": "https://registry.npmjs.org/use-callback-ref/-/use-callback-ref-1.2.5.tgz",
            "integrity": "sha512-gN3vgMISAgacF7sqsLPByqoePooY3n2emTH59Ur5d/M8eg4WTWu1xp8i8DHjohftIyEx0S08RiYxbffr4j8Peg=="
        },
        "use-sidecar": {
            "version": "1.0.5",
            "resolved": "https://registry.npmjs.org/use-sidecar/-/use-sidecar-1.0.5.tgz",
            "integrity": "sha512-k9jnrjYNwN6xYLj1iaGhonDghfvmeTmYjAiGvOr7clwKfPjMXJf4/HOr7oT5tJwYafgp2tG2l3eZEOfoELiMcA==",
            "requires": {
                "detect-node-es": "^1.1.0",
                "tslib": "^1.9.3"
            },
            "dependencies": {
                "tslib": {
                    "version": "1.14.1",
                    "resolved": "https://registry.npmjs.org/tslib/-/tslib-1.14.1.tgz",
                    "integrity": "sha512-Xni35NKzjgMrwevysHTCArtLDpPvye8zV/0E4EyYn43P7/7qvQwPh9BGkHewbMulVntbigmcT7rdX3BNo9wRJg=="
                }
            }
        },
        "warning": {
            "version": "4.0.3",
            "resolved": "https://registry.npmjs.org/warning/-/warning-4.0.3.tgz",
            "integrity": "sha512-rpJyN222KWIvHJ/F53XSZv0Zl/accqHR8et1kpaMTD/fLCRxtV8iX8czMzY7sVZupTI3zcUTg8eycS2kNF9l6w==",
            "requires": {
                "loose-envify": "^1.0.0"
            }
        }
    }
}
