{
    "name": "@mbkit/toaster",
    "version": "1.5.1",
    "lockfileVersion": 1,
    "requires": true,
    "dependencies": {
        "@mbkit/theme": {
            "version": "2.2.9",
            "resolved": "https://registry.npmjs.org/@mbkit/theme/-/theme-2.2.9.tgz",
            "integrity": "sha512-hX9/TDXStllE0OrMyCIIq+K4XoZiz6ZSjeTNbbkKwuMya6J4XkaNmRwOW2sDdFpTOAs7KwmrcGeNyYrWX6hspA=="
        },
        "@reach/alert": {
            "version": "0.6.4",
            "resolved": "https://registry.npmjs.org/@reach/alert/-/alert-0.6.4.tgz",
            "integrity": "sha512-1O5MG1KKh4zISBDZnLamOs3j1nD4rSSMEGykE9Y9whwftWGO4oamgA+buIcAdg5oJwAWuks2R9Cdm2s5qOUhhQ==",
            "requires": {
                "@reach/utils": "^0.6.4",
                "@reach/visually-hidden": "^0.6.2",
                "prop-types": "^15.7.2"
            }
        },
        "@reach/component-component": {
            "version": "0.6.2",
            "resolved": "https://registry.npmjs.org/@reach/component-component/-/component-component-0.6.2.tgz",
            "integrity": "sha512-Sb0p8qgzaAzFLNeOXGMz24LLmZuLzzNA5w04FfZJ+2BsMOHv/yw6P+orzeVYSclTriLurWJjb8gbdvxho+2usw==",
            "requires": {
                "prop-types": "^15.7.2"
            }
        },
        "@reach/portal": {
            "version": "0.6.2",
            "resolved": "https://registry.npmjs.org/@reach/portal/-/portal-0.6.2.tgz",
            "integrity": "sha512-dJAKnsMEbmL0fmShJd1jm4y1RpNP5cpIMpmyK1+2MfBpKoXxYvf3eauf2+vTgM7/JlVM2eDEfYnFdyw/7aIsyw==",
            "requires": {
                "@reach/component-component": "^0.6.2"
            }
        },
        "@reach/utils": {
            "version": "0.6.4",
            "resolved": "https://registry.npmjs.org/@reach/utils/-/utils-0.6.4.tgz",
            "integrity": "sha512-jUWNb1STgR69WGkV4O/N4XOcUvM0u5LP1b9SR6VZsPRazpmzM8HUl3WsBVgMOnSCefZtk+wM4ig2/iYgdElwPw=="
        },
        "@reach/visually-hidden": {
            "version": "0.6.2",
            "resolved": "https://registry.npmjs.org/@reach/visually-hidden/-/visually-hidden-0.6.2.tgz",
            "integrity": "sha512-YI2IMink8kn3vcugOKjFcQgF+GUd1p3kMWtLVxvEr1oj8iOyNASBP4j9ouYR9ZqIEO8SZhk9O+IHdXQhs0csxg=="
        },
        "@types/classnames": {
            "version": "2.3.1",
            "resolved": "https://registry.npmjs.org/@types/classnames/-/classnames-2.3.1.tgz",
            "integrity": "sha512-zeOWb0JGBoVmlQoznvqXbE0tEC/HONsnoUNH19Hc96NFsTAwTXbTqb8FMYkru1F/iqp7a18Ws3nWJvtA1sHD1A==",
            "dev": true,
            "requires": {
                "classnames": "*"
            }
        },
        "@types/prop-types": {
            "version": "15.7.4",
            "resolved": "https://registry.npmjs.org/@types/prop-types/-/prop-types-15.7.4.tgz",
            "integrity": "sha512-rZ5drC/jWjrArrS8BR6SIr4cWpW09RNTYt9AMZo3Jwwif+iacXAqgVjm0B0Bv/S1jhDXKHqRVNCbACkJ89RAnQ==",
            "dev": true
        },
        "@types/react": {
            "version": "16.14.20",
            "resolved": "https://registry.npmjs.org/@types/react/-/react-16.14.20.tgz",
            "integrity": "sha512-SV7TaVc8e9E/5Xuv6TIyJ5VhQpZoVFJqX6IZgj5HZoFCtIDCArE3qXkcHlc6O/Ud4UwcMoX+tlvDA95YrKdLgA==",
            "dev": true,
            "requires": {
                "@types/prop-types": "*",
                "@types/scheduler": "*",
                "csstype": "^3.0.2"
            }
        },
        "@types/scheduler": {
            "version": "0.16.2",
            "resolved": "https://registry.npmjs.org/@types/scheduler/-/scheduler-0.16.2.tgz",
            "integrity": "sha512-hppQEBDmlwhFAXKJX2KnWLYu5yMfi91yazPb2l+lbJiwW+wdo1gNeRA+3RgNSO39WYX2euey41KEwnqesU2Jew==",
            "dev": true
        },
        "classnames": {
            "version": "2.3.1",
            "resolved": "https://registry.npmjs.org/classnames/-/classnames-2.3.1.tgz",
            "integrity": "sha512-OlQdbZ7gLfGarSqxesMesDa5uz7KFbID8Kpq/SxIoNGDqY8lSYs0D+hhtBXhcdB3rcbXArFr7vlHheLk1voeNA=="
        },
        "csstype": {
            "version": "3.0.9",
            "resolved": "https://registry.npmjs.org/csstype/-/csstype-3.0.9.tgz",
            "integrity": "sha512-rpw6JPxK6Rfg1zLOYCSwle2GFOOsnjmDYDaBwEcwoOg4qlsIVCN789VkBZDJAGi4T07gI4YSutR43t9Zz4Lzuw==",
            "dev": true
        },
        "js-tokens": {
            "version": "4.0.0",
            "resolved": "https://registry.npmjs.org/js-tokens/-/js-tokens-4.0.0.tgz",
            "integrity": "sha512-RdJUflcE3cUzKiMqQgsCu06FPu9UdIJO0beYbPhHN4k6apgJtifcoCtT9bcxOpYBtpD2kCM6Sbzg4CausW/PKQ=="
        },
        "loose-envify": {
            "version": "1.4.0",
            "resolved": "https://registry.npmjs.org/loose-envify/-/loose-envify-1.4.0.tgz",
            "integrity": "sha512-lyuxPGr/Wfhrlem2CL/UcnUc1zcqKAImBDzukY7Y5F/yQiNdko6+fRLevlw1HgMySw7f611UIY408EtxRSoK3Q==",
            "requires": {
                "js-tokens": "^3.0.0 || ^4.0.0"
            }
        },
        "object-assign": {
            "version": "4.1.1",
            "resolved": "https://registry.npmjs.org/object-assign/-/object-assign-4.1.1.tgz",
            "integrity": "sha1-IQmtx5ZYh8/AXLvUQsrIv7s2CGM="
        },
        "prop-types": {
            "version": "15.7.2",
            "resolved": "https://registry.npmjs.org/prop-types/-/prop-types-15.7.2.tgz",
            "integrity": "sha512-8QQikdH7//R2vurIJSutZ1smHYTcLpRWEOlHnzcWHmBYrOGUysKwSsrC89BCiFj3CbrfJ/nXFdJepOVrY1GCHQ==",
            "requires": {
                "loose-envify": "^1.4.0",
                "object-assign": "^4.1.1",
                "react-is": "^16.8.1"
            }
        },
        "react": {
            "version": "16.14.0",
            "resolved": "https://registry.npmjs.org/react/-/react-16.14.0.tgz",
            "integrity": "sha512-0X2CImDkJGApiAlcf0ODKIneSwBPhqJawOa5wCtKbu7ZECrmS26NvtSILynQ66cgkT/RJ4LidJOc3bUESwmU8g==",
            "dev": true,
            "requires": {
                "loose-envify": "^1.1.0",
                "object-assign": "^4.1.1",
                "prop-types": "^15.6.2"
            }
        },
        "react-is": {
            "version": "16.13.1",
            "resolved": "https://registry.npmjs.org/react-is/-/react-is-16.13.1.tgz",
            "integrity": "sha512-24e6ynE2H+OKt4kqsOvNd8kBpV65zoxbA4BVsEOB3ARVWQki/DHzaUoC5KuON/BiccDaCCTZBuOcfZs70kR8bQ=="
        }
    }
}
